
Microsoft Visual Studio Solution File, Format Version 12.00
# Visual Studio 2015
Project("{FAE04EC0-301F-11D3-BF4B-00C04F79EFBC}") = "Cookie Legend.CSharp", "Cookie Legend.CSharp.csproj", "{36B64377-E3AB-B8BE-97C1-989EAC67B359}"
EndProject
Global
	GlobalSection(SolutionConfigurationPlatforms) = preSolution
		Debug|Any CPU = Debug|Any CPU
		Release|Any CPU = Release|Any CPU
	EndGlobalSection
	GlobalSection(ProjectConfigurationPlatforms) = postSolution
		{36B64377-E3AB-B8BE-97C1-989EAC67B359}.Debug|Any CPU.ActiveCfg = Debug|Any CPU
		{36B64377-E3AB-B8BE-97C1-989EAC67B359}.Debug|Any CPU.Build.0 = Debug|Any CPU
		{36B64377-E3AB-B8BE-97C1-989EAC67B359}.Release|Any CPU.ActiveCfg = Release|Any CPU
		{36B64377-E3AB-B8BE-97C1-989EAC67B359}.Release|Any CPU.Build.0 = Release|Any CPU
	EndGlobalSection
	GlobalSection(SolutionProperties) = preSolution
		HideSolutionNode = FALSE
	EndGlobalSection
EndGlobal
